// !$*UTF8*$!
{
	archiveVersion = 1;
	classes = {
	};
	objectVersion = 46;
	objects = {

/* Begin PBXBuildFile section */
		3A0D5CA11C9C457B005E6976 /* ProducersTableViewCell.m in Sources */ = {isa = PBXBuildFile; fileRef = 3A0D5CA01C9C457B005E6976 /* ProducersTableViewCell.m */; };
		3A0D5CA41C9C484A005E6976 /* PharmaTableViewCell.m in Sources */ = {isa = PBXBuildFile; fileRef = 3A0D5CA31C9C484A005E6976 /* PharmaTableViewCell.m */; };
		3A0D5CA71C9C4C5A005E6976 /* DrugsTableViewCell.m in Sources */ = {isa = PBXBuildFile; fileRef = 3A0D5CA61C9C4C5A005E6976 /* DrugsTableViewCell.m */; };
		3A0D5CAA1C9C4CAD005E6976 /* FavTableViewCell.m in Sources */ = {isa = PBXBuildFile; fileRef = 3A0D5CA91C9C4CAD005E6976 /* FavTableViewCell.m */; };
		3A0D5CAD1C9C4DA5005E6976 /* ActiveTableViewCell.m in Sources */ = {isa = PBXBuildFile; fileRef = 3A0D5CAC1C9C4DA5005E6976 /* ActiveTableViewCell.m */; };
		3A0D5CB01C9C4E57005E6976 /* NewsTableViewCell.m in Sources */ = {isa = PBXBuildFile; fileRef = 3A0D5CAF1C9C4E57005E6976 /* NewsTableViewCell.m */; };
		3A0D5CB51C9C6D6E005E6976 /* ExpandNewsViewController.m in Sources */ = {isa = PBXBuildFile; fileRef = 3A0D5CB41C9C6D6E005E6976 /* ExpandNewsViewController.m */; };
		3A0DBD861CB45FA800D9BAD3 /* DocumentViewController.m in Sources */ = {isa = PBXBuildFile; fileRef = 3A0DBD851CB45FA800D9BAD3 /* DocumentViewController.m */; };
		3A0DBD881CB4924300D9BAD3 /* LogOutStoryboard.storyboard in Resources */ = {isa = PBXBuildFile; fileRef = 3A0DBD871CB4924300D9BAD3 /* LogOutStoryboard.storyboard */; };
		3A1570521CAEA87A00D49C5E /* libsqlcipher.a in Frameworks */ = {isa = PBXBuildFile; fileRef = 3A15704F1CAEA86800D49C5E /* libsqlcipher.a */; };
		3A1570551CAEA8F800D49C5E /* DBManager.m in Sources */ = {isa = PBXBuildFile; fileRef = 3A1570541CAEA8F800D49C5E /* DBManager.m */; };
		3A1570581CAEA95900D49C5E /* vidal.cardio.crypt.db3 in Resources */ = {isa = PBXBuildFile; fileRef = 3A1570561CAEA95900D49C5E /* vidal.cardio.crypt.db3 */; };
		3A1570591CAEA95900D49C5E /* vidal.cardio.encrypt.db3 in Resources */ = {isa = PBXBuildFile; fileRef = 3A1570571CAEA95900D49C5E /* vidal.cardio.encrypt.db3 */; };
		3A1570601CAEAA2B00D49C5E /* FBSDKCoreKit.framework in Frameworks */ = {isa = PBXBuildFile; fileRef = 3A15705D1CAEAA2B00D49C5E /* FBSDKCoreKit.framework */; };
		3A1570611CAEAA2B00D49C5E /* FBSDKLoginKit.framework in Frameworks */ = {isa = PBXBuildFile; fileRef = 3A15705E1CAEAA2B00D49C5E /* FBSDKLoginKit.framework */; };
		3A1570621CAEAA2B00D49C5E /* FBSDKShareKit.framework in Frameworks */ = {isa = PBXBuildFile; fileRef = 3A15705F1CAEAA2B00D49C5E /* FBSDKShareKit.framework */; };
		3A1570661CAEAAAF00D49C5E /* OKSDK.m in Sources */ = {isa = PBXBuildFile; fileRef = 3A1570651CAEAAAF00D49C5E /* OKSDK.m */; };
		3A1570731CAEB0A000D49C5E /* SocialNetworkManagerVC.m in Sources */ = {isa = PBXBuildFile; fileRef = 3A1570721CAEB0A000D49C5E /* SocialNetworkManagerVC.m */; };
		3A2D8E7E1CBA827C00F43A76 /* Server.m in Sources */ = {isa = PBXBuildFile; fileRef = 3A2D8E7D1CBA827C00F43A76 /* Server.m */; };
		3A5638581CA19971000A83B5 /* Assets.xcassets in Resources */ = {isa = PBXBuildFile; fileRef = 3A5638571CA19971000A83B5 /* Assets.xcassets */; };
		3A70F38A1C80B32C00193150 /* CoreGraphics.framework in Frameworks */ = {isa = PBXBuildFile; fileRef = 3A70F3891C80B32C00193150 /* CoreGraphics.framework */; };
		3A78F0FF1C91E7DA008C6BE5 /* MenuViewController.m in Sources */ = {isa = PBXBuildFile; fileRef = 3A78F0FE1C91E7DA008C6BE5 /* MenuViewController.m */; };
		3A78F1061C91E80A008C6BE5 /* SWRevealViewController.m in Sources */ = {isa = PBXBuildFile; fileRef = 3A78F1051C91E80A008C6BE5 /* SWRevealViewController.m */; };
		3A78F10A1C920531008C6BE5 /* ModelViewController.m in Sources */ = {isa = PBXBuildFile; fileRef = 3A78F1091C920531008C6BE5 /* ModelViewController.m */; };
		3A78F10F1C920701008C6BE5 /* NewsViewController.m in Sources */ = {isa = PBXBuildFile; fileRef = 3A78F10E1C920701008C6BE5 /* NewsViewController.m */; };
		3A78F1121C92071A008C6BE5 /* DrugsViewController.m in Sources */ = {isa = PBXBuildFile; fileRef = 3A78F1111C92071A008C6BE5 /* DrugsViewController.m */; };
		3A78F1151C920725008C6BE5 /* ActiveViewController.m in Sources */ = {isa = PBXBuildFile; fileRef = 3A78F1141C920725008C6BE5 /* ActiveViewController.m */; };
		3A78F1181C920737008C6BE5 /* InteractionsViewController.m in Sources */ = {isa = PBXBuildFile; fileRef = 3A78F1171C920737008C6BE5 /* InteractionsViewController.m */; };
		3A78F11B1C920740008C6BE5 /* PharmaViewController.m in Sources */ = {isa = PBXBuildFile; fileRef = 3A78F11A1C920740008C6BE5 /* PharmaViewController.m */; };
		3A78F11E1C92074B008C6BE5 /* ProducersViewController.m in Sources */ = {isa = PBXBuildFile; fileRef = 3A78F11D1C92074B008C6BE5 /* ProducersViewController.m */; };
		3A78F1211C920756008C6BE5 /* AboutViewController.m in Sources */ = {isa = PBXBuildFile; fileRef = 3A78F1201C920756008C6BE5 /* AboutViewController.m */; };
		3A78F1241C920762008C6BE5 /* ProfileViewController.m in Sources */ = {isa = PBXBuildFile; fileRef = 3A78F1231C920762008C6BE5 /* ProfileViewController.m */; };
		3A78F1271C92076D008C6BE5 /* FavouriteViewController.m in Sources */ = {isa = PBXBuildFile; fileRef = 3A78F1261C92076D008C6BE5 /* FavouriteViewController.m */; };
		3A78F12A1C920775008C6BE5 /* ReferenceViewController.m in Sources */ = {isa = PBXBuildFile; fileRef = 3A78F1291C920775008C6BE5 /* ReferenceViewController.m */; };
		3A8C251F1CB999AD00CFA905 /* SecondDocumentViewController.m in Sources */ = {isa = PBXBuildFile; fileRef = 3A8C251E1CB999AD00CFA905 /* SecondDocumentViewController.m */; };
		3A8C25231CBA2E8C00CFA905 /* ListOfViewController.m in Sources */ = {isa = PBXBuildFile; fileRef = 3A8C25221CBA2E8C00CFA905 /* ListOfViewController.m */; };
		3A9366671CB176D3004BBE2E /* interactions.json in Resources */ = {isa = PBXBuildFile; fileRef = 3A9366661CB176D3004BBE2E /* interactions.json */; };
		3A9E3FCE1C80AE330069BDFC /* main.m in Sources */ = {isa = PBXBuildFile; fileRef = 3A9E3FCD1C80AE330069BDFC /* main.m */; };
		3A9E3FD11C80AE330069BDFC /* AppDelegate.m in Sources */ = {isa = PBXBuildFile; fileRef = 3A9E3FD01C80AE330069BDFC /* AppDelegate.m */; };
		3A9E3FD41C80AE330069BDFC /* LoginViewController.m in Sources */ = {isa = PBXBuildFile; fileRef = 3A9E3FD31C80AE330069BDFC /* LoginViewController.m */; };
		3A9E3FD71C80AE330069BDFC /* Main.storyboard in Resources */ = {isa = PBXBuildFile; fileRef = 3A9E3FD51C80AE330069BDFC /* Main.storyboard */; };
		3A9E3FDA1C80AE330069BDFC /* Vidal.xcdatamodeld in Sources */ = {isa = PBXBuildFile; fileRef = 3A9E3FD81C80AE330069BDFC /* Vidal.xcdatamodeld */; };
		3A9E3FDF1C80AE330069BDFC /* LaunchScreen.storyboard in Resources */ = {isa = PBXBuildFile; fileRef = 3A9E3FDD1C80AE330069BDFC /* LaunchScreen.storyboard */; };
		3AA6AC391CBB0B35005AAD85 /* SearchViewController.m in Sources */ = {isa = PBXBuildFile; fileRef = 3AA6AC381CBB0B35005AAD85 /* SearchViewController.m */; };
		3AAAA2C81C833FA3006DEE4E /* RegViewController.m in Sources */ = {isa = PBXBuildFile; fileRef = 3AAAA2C71C833FA3006DEE4E /* RegViewController.m */; };
		3AAAA2CB1C8384EB006DEE4E /* MainViewController.m in Sources */ = {isa = PBXBuildFile; fileRef = 3AAAA2CA1C8384EB006DEE4E /* MainViewController.m */; };
		52498BC11CB3FD3500E6B96B /* SecondPharmaViewController.m in Sources */ = {isa = PBXBuildFile; fileRef = 52498BC01CB3FD3500E6B96B /* SecondPharmaViewController.m */; };
		52498BC41CB3FD4000E6B96B /* ThirdViewController.m in Sources */ = {isa = PBXBuildFile; fileRef = 52498BC31CB3FD4000E6B96B /* ThirdViewController.m */; };
		52498BC71CB3FD4C00E6B96B /* FourthViewController.m in Sources */ = {isa = PBXBuildFile; fileRef = 52498BC61CB3FD4C00E6B96B /* FourthViewController.m */; };
		524EDF951CB4E4E900A3BB2F /* DocsTableViewCell.m in Sources */ = {isa = PBXBuildFile; fileRef = 524EDF941CB4E4E900A3BB2F /* DocsTableViewCell.m */; };
		524EDF991CB4E9EC00A3BB2F /* MoleculeDrugsViewController.m in Sources */ = {isa = PBXBuildFile; fileRef = 524EDF981CB4E9EC00A3BB2F /* MoleculeDrugsViewController.m */; };
		E82C22A1236860E5691C38CA /* libPods-Vidal.a in Frameworks */ = {isa = PBXBuildFile; fileRef = 267537716EDB3475C0BE9A2D /* libPods-Vidal.a */; };
/* End PBXBuildFile section */

/* Begin PBXContainerItemProxy section */
		3A15704E1CAEA86800D49C5E /* PBXContainerItemProxy */ = {
			isa = PBXContainerItemProxy;
			containerPortal = 3A1570491CAEA86800D49C5E /* sqlcipher.xcodeproj */;
			proxyType = 2;
			remoteGlobalIDString = D2AAC046055464E500DB518D;
			remoteInfo = sqlcipher;
		};
		3A1570501CAEA87300D49C5E /* PBXContainerItemProxy */ = {
			isa = PBXContainerItemProxy;
			containerPortal = 3A1570491CAEA86800D49C5E /* sqlcipher.xcodeproj */;
			proxyType = 1;
			remoteGlobalIDString = D2AAC045055464E500DB518D;
			remoteInfo = sqlcipher;
		};
/* End PBXContainerItemProxy section */

/* Begin PBXFileReference section */
		267537716EDB3475C0BE9A2D /* libPods-Vidal.a */ = {isa = PBXFileReference; explicitFileType = archive.ar; includeInIndex = 0; path = "libPods-Vidal.a"; sourceTree = BUILT_PRODUCTS_DIR; };
		2EC6DDBDE2C370D5A4C9DA5A /* Pods-Vidal.debug.xcconfig */ = {isa = PBXFileReference; includeInIndex = 1; lastKnownFileType = text.xcconfig; name = "Pods-Vidal.debug.xcconfig"; path = "Pods/Target Support Files/Pods-Vidal/Pods-Vidal.debug.xcconfig"; sourceTree = "<group>"; };
		3A0D5C9F1C9C457B005E6976 /* ProducersTableViewCell.h */ = {isa = PBXFileReference; fileEncoding = 4; lastKnownFileType = sourcecode.c.h; path = ProducersTableViewCell.h; sourceTree = "<group>"; };
		3A0D5CA01C9C457B005E6976 /* ProducersTableViewCell.m */ = {isa = PBXFileReference; fileEncoding = 4; lastKnownFileType = sourcecode.c.objc; path = ProducersTableViewCell.m; sourceTree = "<group>"; };
		3A0D5CA21C9C484A005E6976 /* PharmaTableViewCell.h */ = {isa = PBXFileReference; fileEncoding = 4; lastKnownFileType = sourcecode.c.h; path = PharmaTableViewCell.h; sourceTree = "<group>"; };
		3A0D5CA31C9C484A005E6976 /* PharmaTableViewCell.m */ = {isa = PBXFileReference; fileEncoding = 4; lastKnownFileType = sourcecode.c.objc; path = PharmaTableViewCell.m; sourceTree = "<group>"; };
		3A0D5CA51C9C4C5A005E6976 /* DrugsTableViewCell.h */ = {isa = PBXFileReference; fileEncoding = 4; lastKnownFileType = sourcecode.c.h; path = DrugsTableViewCell.h; sourceTree = "<group>"; };
		3A0D5CA61C9C4C5A005E6976 /* DrugsTableViewCell.m */ = {isa = PBXFileReference; fileEncoding = 4; lastKnownFileType = sourcecode.c.objc; path = DrugsTableViewCell.m; sourceTree = "<group>"; };
		3A0D5CA81C9C4CAD005E6976 /* FavTableViewCell.h */ = {isa = PBXFileReference; fileEncoding = 4; lastKnownFileType = sourcecode.c.h; path = FavTableViewCell.h; sourceTree = "<group>"; };
		3A0D5CA91C9C4CAD005E6976 /* FavTableViewCell.m */ = {isa = PBXFileReference; fileEncoding = 4; lastKnownFileType = sourcecode.c.objc; path = FavTableViewCell.m; sourceTree = "<group>"; };
		3A0D5CAB1C9C4DA5005E6976 /* ActiveTableViewCell.h */ = {isa = PBXFileReference; fileEncoding = 4; lastKnownFileType = sourcecode.c.h; path = ActiveTableViewCell.h; sourceTree = "<group>"; };
		3A0D5CAC1C9C4DA5005E6976 /* ActiveTableViewCell.m */ = {isa = PBXFileReference; fileEncoding = 4; lastKnownFileType = sourcecode.c.objc; path = ActiveTableViewCell.m; sourceTree = "<group>"; };
		3A0D5CAE1C9C4E57005E6976 /* NewsTableViewCell.h */ = {isa = PBXFileReference; fileEncoding = 4; lastKnownFileType = sourcecode.c.h; path = NewsTableViewCell.h; sourceTree = "<group>"; };
		3A0D5CAF1C9C4E57005E6976 /* NewsTableViewCell.m */ = {isa = PBXFileReference; fileEncoding = 4; lastKnownFileType = sourcecode.c.objc; path = NewsTableViewCell.m; sourceTree = "<group>"; };
		3A0D5CB31C9C6D6E005E6976 /* ExpandNewsViewController.h */ = {isa = PBXFileReference; fileEncoding = 4; lastKnownFileType = sourcecode.c.h; path = ExpandNewsViewController.h; sourceTree = "<group>"; };
		3A0D5CB41C9C6D6E005E6976 /* ExpandNewsViewController.m */ = {isa = PBXFileReference; fileEncoding = 4; lastKnownFileType = sourcecode.c.objc; path = ExpandNewsViewController.m; sourceTree = "<group>"; };
		3A0DBD841CB45FA800D9BAD3 /* DocumentViewController.h */ = {isa = PBXFileReference; fileEncoding = 4; lastKnownFileType = sourcecode.c.h; path = DocumentViewController.h; sourceTree = "<group>"; };
		3A0DBD851CB45FA800D9BAD3 /* DocumentViewController.m */ = {isa = PBXFileReference; fileEncoding = 4; lastKnownFileType = sourcecode.c.objc; path = DocumentViewController.m; sourceTree = "<group>"; };
		3A0DBD871CB4924300D9BAD3 /* LogOutStoryboard.storyboard */ = {isa = PBXFileReference; fileEncoding = 4; lastKnownFileType = file.storyboard; path = LogOutStoryboard.storyboard; sourceTree = "<group>"; };
		3A1570491CAEA86800D49C5E /* sqlcipher.xcodeproj */ = {isa = PBXFileReference; lastKnownFileType = "wrapper.pb-project"; name = sqlcipher.xcodeproj; path = sqlcipher/sqlcipher.xcodeproj; sourceTree = "<group>"; };
		3A1570531CAEA8F800D49C5E /* DBManager.h */ = {isa = PBXFileReference; fileEncoding = 4; lastKnownFileType = sourcecode.c.h; path = DBManager.h; sourceTree = "<group>"; };
		3A1570541CAEA8F800D49C5E /* DBManager.m */ = {isa = PBXFileReference; fileEncoding = 4; lastKnownFileType = sourcecode.c.objc; path = DBManager.m; sourceTree = "<group>"; };
		3A1570561CAEA95900D49C5E /* vidal.cardio.crypt.db3 */ = {isa = PBXFileReference; lastKnownFileType = file; path = vidal.cardio.crypt.db3; sourceTree = "<group>"; };
		3A1570571CAEA95900D49C5E /* vidal.cardio.encrypt.db3 */ = {isa = PBXFileReference; lastKnownFileType = file; path = vidal.cardio.encrypt.db3; sourceTree = "<group>"; };
		3A15705D1CAEAA2B00D49C5E /* FBSDKCoreKit.framework */ = {isa = PBXFileReference; lastKnownFileType = wrapper.framework; path = FBSDKCoreKit.framework; sourceTree = "<group>"; };
		3A15705E1CAEAA2B00D49C5E /* FBSDKLoginKit.framework */ = {isa = PBXFileReference; lastKnownFileType = wrapper.framework; path = FBSDKLoginKit.framework; sourceTree = "<group>"; };
		3A15705F1CAEAA2B00D49C5E /* FBSDKShareKit.framework */ = {isa = PBXFileReference; lastKnownFileType = wrapper.framework; path = FBSDKShareKit.framework; sourceTree = "<group>"; };
		3A1570641CAEAAAF00D49C5E /* OKSDK.h */ = {isa = PBXFileReference; fileEncoding = 4; lastKnownFileType = sourcecode.c.h; name = OKSDK.h; path = Vidal/OKSDK.h; sourceTree = "<group>"; };
		3A1570651CAEAAAF00D49C5E /* OKSDK.m */ = {isa = PBXFileReference; fileEncoding = 4; lastKnownFileType = sourcecode.c.objc; name = OKSDK.m; path = Vidal/OKSDK.m; sourceTree = "<group>"; };
		3A1570711CAEB0A000D49C5E /* SocialNetworkManagerVC.h */ = {isa = PBXFileReference; fileEncoding = 4; lastKnownFileType = sourcecode.c.h; path = SocialNetworkManagerVC.h; sourceTree = "<group>"; };
		3A1570721CAEB0A000D49C5E /* SocialNetworkManagerVC.m */ = {isa = PBXFileReference; fileEncoding = 4; lastKnownFileType = sourcecode.c.objc; path = SocialNetworkManagerVC.m; sourceTree = "<group>"; };
		3A2D8E7C1CBA827C00F43A76 /* Server.h */ = {isa = PBXFileReference; fileEncoding = 4; lastKnownFileType = sourcecode.c.h; path = Server.h; sourceTree = "<group>"; };
		3A2D8E7D1CBA827C00F43A76 /* Server.m */ = {isa = PBXFileReference; fileEncoding = 4; lastKnownFileType = sourcecode.c.objc; path = Server.m; sourceTree = "<group>"; };
		3A5638571CA19971000A83B5 /* Assets.xcassets */ = {isa = PBXFileReference; lastKnownFileType = folder.assetcatalog; path = Assets.xcassets; sourceTree = "<group>"; };
		3A70F3891C80B32C00193150 /* CoreGraphics.framework */ = {isa = PBXFileReference; lastKnownFileType = wrapper.framework; name = CoreGraphics.framework; path = System/Library/Frameworks/CoreGraphics.framework; sourceTree = SDKROOT; };
		3A78F0FD1C91E7DA008C6BE5 /* MenuViewController.h */ = {isa = PBXFileReference; fileEncoding = 4; lastKnownFileType = sourcecode.c.h; path = MenuViewController.h; sourceTree = "<group>"; };
		3A78F0FE1C91E7DA008C6BE5 /* MenuViewController.m */ = {isa = PBXFileReference; fileEncoding = 4; lastKnownFileType = sourcecode.c.objc; path = MenuViewController.m; sourceTree = "<group>"; };
		3A78F1041C91E80A008C6BE5 /* SWRevealViewController.h */ = {isa = PBXFileReference; fileEncoding = 4; lastKnownFileType = sourcecode.c.h; path = SWRevealViewController.h; sourceTree = "<group>"; };
		3A78F1051C91E80A008C6BE5 /* SWRevealViewController.m */ = {isa = PBXFileReference; fileEncoding = 4; lastKnownFileType = sourcecode.c.objc; path = SWRevealViewController.m; sourceTree = "<group>"; };
		3A78F1081C920531008C6BE5 /* ModelViewController.h */ = {isa = PBXFileReference; fileEncoding = 4; lastKnownFileType = sourcecode.c.h; path = ModelViewController.h; sourceTree = "<group>"; };
		3A78F1091C920531008C6BE5 /* ModelViewController.m */ = {isa = PBXFileReference; fileEncoding = 4; lastKnownFileType = sourcecode.c.objc; path = ModelViewController.m; sourceTree = "<group>"; };
		3A78F10D1C920701008C6BE5 /* NewsViewController.h */ = {isa = PBXFileReference; fileEncoding = 4; lastKnownFileType = sourcecode.c.h; path = NewsViewController.h; sourceTree = "<group>"; };
		3A78F10E1C920701008C6BE5 /* NewsViewController.m */ = {isa = PBXFileReference; fileEncoding = 4; lastKnownFileType = sourcecode.c.objc; path = NewsViewController.m; sourceTree = "<group>"; };
		3A78F1101C92071A008C6BE5 /* DrugsViewController.h */ = {isa = PBXFileReference; fileEncoding = 4; lastKnownFileType = sourcecode.c.h; path = DrugsViewController.h; sourceTree = "<group>"; };
		3A78F1111C92071A008C6BE5 /* DrugsViewController.m */ = {isa = PBXFileReference; fileEncoding = 4; lastKnownFileType = sourcecode.c.objc; path = DrugsViewController.m; sourceTree = "<group>"; };
		3A78F1131C920725008C6BE5 /* ActiveViewController.h */ = {isa = PBXFileReference; fileEncoding = 4; lastKnownFileType = sourcecode.c.h; path = ActiveViewController.h; sourceTree = "<group>"; };
		3A78F1141C920725008C6BE5 /* ActiveViewController.m */ = {isa = PBXFileReference; fileEncoding = 4; lastKnownFileType = sourcecode.c.objc; path = ActiveViewController.m; sourceTree = "<group>"; };
		3A78F1161C920737008C6BE5 /* InteractionsViewController.h */ = {isa = PBXFileReference; fileEncoding = 4; lastKnownFileType = sourcecode.c.h; path = InteractionsViewController.h; sourceTree = "<group>"; };
		3A78F1171C920737008C6BE5 /* InteractionsViewController.m */ = {isa = PBXFileReference; fileEncoding = 4; lastKnownFileType = sourcecode.c.objc; path = InteractionsViewController.m; sourceTree = "<group>"; };
		3A78F1191C920740008C6BE5 /* PharmaViewController.h */ = {isa = PBXFileReference; fileEncoding = 4; lastKnownFileType = sourcecode.c.h; path = PharmaViewController.h; sourceTree = "<group>"; };
		3A78F11A1C920740008C6BE5 /* PharmaViewController.m */ = {isa = PBXFileReference; fileEncoding = 4; lastKnownFileType = sourcecode.c.objc; path = PharmaViewController.m; sourceTree = "<group>"; };
		3A78F11C1C92074B008C6BE5 /* ProducersViewController.h */ = {isa = PBXFileReference; fileEncoding = 4; lastKnownFileType = sourcecode.c.h; path = ProducersViewController.h; sourceTree = "<group>"; };
		3A78F11D1C92074B008C6BE5 /* ProducersViewController.m */ = {isa = PBXFileReference; fileEncoding = 4; lastKnownFileType = sourcecode.c.objc; path = ProducersViewController.m; sourceTree = "<group>"; };
		3A78F11F1C920755008C6BE5 /* AboutViewController.h */ = {isa = PBXFileReference; fileEncoding = 4; lastKnownFileType = sourcecode.c.h; path = AboutViewController.h; sourceTree = "<group>"; };
		3A78F1201C920756008C6BE5 /* AboutViewController.m */ = {isa = PBXFileReference; fileEncoding = 4; lastKnownFileType = sourcecode.c.objc; path = AboutViewController.m; sourceTree = "<group>"; };
		3A78F1221C920762008C6BE5 /* ProfileViewController.h */ = {isa = PBXFileReference; fileEncoding = 4; lastKnownFileType = sourcecode.c.h; path = ProfileViewController.h; sourceTree = "<group>"; };
		3A78F1231C920762008C6BE5 /* ProfileViewController.m */ = {isa = PBXFileReference; fileEncoding = 4; lastKnownFileType = sourcecode.c.objc; path = ProfileViewController.m; sourceTree = "<group>"; };
		3A78F1251C92076D008C6BE5 /* FavouriteViewController.h */ = {isa = PBXFileReference; fileEncoding = 4; lastKnownFileType = sourcecode.c.h; path = FavouriteViewController.h; sourceTree = "<group>"; };
		3A78F1261C92076D008C6BE5 /* FavouriteViewController.m */ = {isa = PBXFileReference; fileEncoding = 4; lastKnownFileType = sourcecode.c.objc; path = FavouriteViewController.m; sourceTree = "<group>"; };
		3A78F1281C920775008C6BE5 /* ReferenceViewController.h */ = {isa = PBXFileReference; fileEncoding = 4; lastKnownFileType = sourcecode.c.h; path = ReferenceViewController.h; sourceTree = "<group>"; };
		3A78F1291C920775008C6BE5 /* ReferenceViewController.m */ = {isa = PBXFileReference; fileEncoding = 4; lastKnownFileType = sourcecode.c.objc; path = ReferenceViewController.m; sourceTree = "<group>"; };
		3A8C251D1CB999AD00CFA905 /* SecondDocumentViewController.h */ = {isa = PBXFileReference; fileEncoding = 4; lastKnownFileType = sourcecode.c.h; path = SecondDocumentViewController.h; sourceTree = "<group>"; };
		3A8C251E1CB999AD00CFA905 /* SecondDocumentViewController.m */ = {isa = PBXFileReference; fileEncoding = 4; lastKnownFileType = sourcecode.c.objc; path = SecondDocumentViewController.m; sourceTree = "<group>"; };
		3A8C25211CBA2E8C00CFA905 /* ListOfViewController.h */ = {isa = PBXFileReference; fileEncoding = 4; lastKnownFileType = sourcecode.c.h; path = ListOfViewController.h; sourceTree = "<group>"; };
		3A8C25221CBA2E8C00CFA905 /* ListOfViewController.m */ = {isa = PBXFileReference; fileEncoding = 4; lastKnownFileType = sourcecode.c.objc; path = ListOfViewController.m; sourceTree = "<group>"; };
		3A9366661CB176D3004BBE2E /* interactions.json */ = {isa = PBXFileReference; fileEncoding = 4; lastKnownFileType = text.json; path = interactions.json; sourceTree = "<group>"; };
		3A9E3FC91C80AE330069BDFC /* Vidal.app */ = {isa = PBXFileReference; explicitFileType = wrapper.application; includeInIndex = 0; path = Vidal.app; sourceTree = BUILT_PRODUCTS_DIR; };
		3A9E3FCD1C80AE330069BDFC /* main.m */ = {isa = PBXFileReference; lastKnownFileType = sourcecode.c.objc; path = main.m; sourceTree = "<group>"; };
		3A9E3FCF1C80AE330069BDFC /* AppDelegate.h */ = {isa = PBXFileReference; lastKnownFileType = sourcecode.c.h; path = AppDelegate.h; sourceTree = "<group>"; };
		3A9E3FD01C80AE330069BDFC /* AppDelegate.m */ = {isa = PBXFileReference; lastKnownFileType = sourcecode.c.objc; path = AppDelegate.m; sourceTree = "<group>"; };
		3A9E3FD21C80AE330069BDFC /* LoginViewController.h */ = {isa = PBXFileReference; lastKnownFileType = sourcecode.c.h; path = LoginViewController.h; sourceTree = "<group>"; };
		3A9E3FD31C80AE330069BDFC /* LoginViewController.m */ = {isa = PBXFileReference; lastKnownFileType = sourcecode.c.objc; path = LoginViewController.m; sourceTree = "<group>"; };
		3A9E3FD61C80AE330069BDFC /* Base */ = {isa = PBXFileReference; lastKnownFileType = file.storyboard; name = Base; path = Base.lproj/Main.storyboard; sourceTree = "<group>"; };
		3A9E3FD91C80AE330069BDFC /* Vidal.xcdatamodel */ = {isa = PBXFileReference; lastKnownFileType = wrapper.xcdatamodel; path = Vidal.xcdatamodel; sourceTree = "<group>"; };
		3A9E3FDE1C80AE330069BDFC /* Base */ = {isa = PBXFileReference; lastKnownFileType = file.storyboard; name = Base; path = Base.lproj/LaunchScreen.storyboard; sourceTree = "<group>"; };
		3A9E3FE01C80AE330069BDFC /* Info.plist */ = {isa = PBXFileReference; lastKnownFileType = text.plist.xml; path = Info.plist; sourceTree = "<group>"; };
		3AA6AC371CBB0B35005AAD85 /* SearchViewController.h */ = {isa = PBXFileReference; fileEncoding = 4; lastKnownFileType = sourcecode.c.h; path = SearchViewController.h; sourceTree = "<group>"; };
		3AA6AC381CBB0B35005AAD85 /* SearchViewController.m */ = {isa = PBXFileReference; fileEncoding = 4; lastKnownFileType = sourcecode.c.objc; path = SearchViewController.m; sourceTree = "<group>"; };
		3AAAA2C61C833FA3006DEE4E /* RegViewController.h */ = {isa = PBXFileReference; fileEncoding = 4; lastKnownFileType = sourcecode.c.h; path = RegViewController.h; sourceTree = "<group>"; };
		3AAAA2C71C833FA3006DEE4E /* RegViewController.m */ = {isa = PBXFileReference; fileEncoding = 4; lastKnownFileType = sourcecode.c.objc; path = RegViewController.m; sourceTree = "<group>"; };
		3AAAA2C91C8384EB006DEE4E /* MainViewController.h */ = {isa = PBXFileReference; fileEncoding = 4; lastKnownFileType = sourcecode.c.h; path = MainViewController.h; sourceTree = "<group>"; };
		3AAAA2CA1C8384EB006DEE4E /* MainViewController.m */ = {isa = PBXFileReference; fileEncoding = 4; lastKnownFileType = sourcecode.c.objc; path = MainViewController.m; sourceTree = "<group>"; };
		3AF95C141CA66DA900393C62 /* libsqlite3.tbd */ = {isa = PBXFileReference; lastKnownFileType = "sourcecode.text-based-dylib-definition"; name = libsqlite3.tbd; path = usr/lib/libsqlite3.tbd; sourceTree = SDKROOT; };
		52498BBF1CB3FD3500E6B96B /* SecondPharmaViewController.h */ = {isa = PBXFileReference; fileEncoding = 4; lastKnownFileType = sourcecode.c.h; path = SecondPharmaViewController.h; sourceTree = "<group>"; };
		52498BC01CB3FD3500E6B96B /* SecondPharmaViewController.m */ = {isa = PBXFileReference; fileEncoding = 4; lastKnownFileType = sourcecode.c.objc; path = SecondPharmaViewController.m; sourceTree = "<group>"; };
		52498BC21CB3FD4000E6B96B /* ThirdViewController.h */ = {isa = PBXFileReference; fileEncoding = 4; lastKnownFileType = sourcecode.c.h; path = ThirdViewController.h; sourceTree = "<group>"; };
		52498BC31CB3FD4000E6B96B /* ThirdViewController.m */ = {isa = PBXFileReference; fileEncoding = 4; lastKnownFileType = sourcecode.c.objc; path = ThirdViewController.m; sourceTree = "<group>"; };
		52498BC51CB3FD4C00E6B96B /* FourthViewController.h */ = {isa = PBXFileReference; fileEncoding = 4; lastKnownFileType = sourcecode.c.h; path = FourthViewController.h; sourceTree = "<group>"; };
		52498BC61CB3FD4C00E6B96B /* FourthViewController.m */ = {isa = PBXFileReference; fileEncoding = 4; lastKnownFileType = sourcecode.c.objc; path = FourthViewController.m; sourceTree = "<group>"; };
		524EDF931CB4E4E900A3BB2F /* DocsTableViewCell.h */ = {isa = PBXFileReference; fileEncoding = 4; lastKnownFileType = sourcecode.c.h; path = DocsTableViewCell.h; sourceTree = "<group>"; };
		524EDF941CB4E4E900A3BB2F /* DocsTableViewCell.m */ = {isa = PBXFileReference; fileEncoding = 4; lastKnownFileType = sourcecode.c.objc; path = DocsTableViewCell.m; sourceTree = "<group>"; };
		524EDF971CB4E9EC00A3BB2F /* MoleculeDrugsViewController.h */ = {isa = PBXFileReference; fileEncoding = 4; lastKnownFileType = sourcecode.c.h; path = MoleculeDrugsViewController.h; sourceTree = "<group>"; };
		524EDF981CB4E9EC00A3BB2F /* MoleculeDrugsViewController.m */ = {isa = PBXFileReference; fileEncoding = 4; lastKnownFileType = sourcecode.c.objc; path = MoleculeDrugsViewController.m; sourceTree = "<group>"; };
		639C2F57EA1C775AEEFEE2C9 /* Pods-Vidal.release.xcconfig */ = {isa = PBXFileReference; includeInIndex = 1; lastKnownFileType = text.xcconfig; name = "Pods-Vidal.release.xcconfig"; path = "Pods/Target Support Files/Pods-Vidal/Pods-Vidal.release.xcconfig"; sourceTree = "<group>"; };
/* End PBXFileReference section */

/* Begin PBXFrameworksBuildPhase section */
		3A9E3FC61C80AE330069BDFC /* Frameworks */ = {
			isa = PBXFrameworksBuildPhase;
			buildActionMask = 2147483647;
			files = (
				3A1570521CAEA87A00D49C5E /* libsqlcipher.a in Frameworks */,
				3A1570601CAEAA2B00D49C5E /* FBSDKCoreKit.framework in Frameworks */,
				3A1570621CAEAA2B00D49C5E /* FBSDKShareKit.framework in Frameworks */,
				3A1570611CAEAA2B00D49C5E /* FBSDKLoginKit.framework in Frameworks */,
				3A70F38A1C80B32C00193150 /* CoreGraphics.framework in Frameworks */,
				E82C22A1236860E5691C38CA /* libPods-Vidal.a in Frameworks */,
			);
			runOnlyForDeploymentPostprocessing = 0;
		};
/* End PBXFrameworksBuildPhase section */

/* Begin PBXGroup section */
		1059885AE5801E2DA5485E93 /* Pods */ = {
			isa = PBXGroup;
			children = (
				2EC6DDBDE2C370D5A4C9DA5A /* Pods-Vidal.debug.xcconfig */,
				639C2F57EA1C775AEEFEE2C9 /* Pods-Vidal.release.xcconfig */,
			);
			name = Pods;
			sourceTree = "<group>";
		};
		3A0D5C9E1C9C455A005E6976 /* TableCells */ = {
			isa = PBXGroup;
			children = (
				3A0D5C9F1C9C457B005E6976 /* ProducersTableViewCell.h */,
				3A0D5CA01C9C457B005E6976 /* ProducersTableViewCell.m */,
				3A0D5CA21C9C484A005E6976 /* PharmaTableViewCell.h */,
				3A0D5CA31C9C484A005E6976 /* PharmaTableViewCell.m */,
				3A0D5CA51C9C4C5A005E6976 /* DrugsTableViewCell.h */,
				3A0D5CA61C9C4C5A005E6976 /* DrugsTableViewCell.m */,
				3A0D5CA81C9C4CAD005E6976 /* FavTableViewCell.h */,
				3A0D5CA91C9C4CAD005E6976 /* FavTableViewCell.m */,
				3A0D5CAB1C9C4DA5005E6976 /* ActiveTableViewCell.h */,
				3A0D5CAC1C9C4DA5005E6976 /* ActiveTableViewCell.m */,
				3A0D5CAE1C9C4E57005E6976 /* NewsTableViewCell.h */,
				3A0D5CAF1C9C4E57005E6976 /* NewsTableViewCell.m */,
				524EDF931CB4E4E900A3BB2F /* DocsTableViewCell.h */,
				524EDF941CB4E4E900A3BB2F /* DocsTableViewCell.m */,
			);
			name = TableCells;
			sourceTree = "<group>";
		};
		3A0D5CB21C9C6D29005E6976 /* From Main Screens */ = {
			isa = PBXGroup;
			children = (
				3A0D5CB31C9C6D6E005E6976 /* ExpandNewsViewController.h */,
				3A0D5CB41C9C6D6E005E6976 /* ExpandNewsViewController.m */,
				3A0DBD841CB45FA800D9BAD3 /* DocumentViewController.h */,
				3A0DBD851CB45FA800D9BAD3 /* DocumentViewController.m */,
				3A8C251D1CB999AD00CFA905 /* SecondDocumentViewController.h */,
				3A8C251E1CB999AD00CFA905 /* SecondDocumentViewController.m */,
				3A8C25211CBA2E8C00CFA905 /* ListOfViewController.h */,
				3A8C25221CBA2E8C00CFA905 /* ListOfViewController.m */,
			);
			name = "From Main Screens";
			sourceTree = "<group>";
		};
		3A15704A1CAEA86800D49C5E /* Products */ = {
			isa = PBXGroup;
			children = (
				3A15704F1CAEA86800D49C5E /* libsqlcipher.a */,
			);
			name = Products;
			sourceTree = "<group>";
		};
		3A1570681CAEAE2900D49C5E /* Libraries */ = {
			isa = PBXGroup;
			children = (
				3A1570641CAEAAAF00D49C5E /* OKSDK.h */,
				3A1570651CAEAAAF00D49C5E /* OKSDK.m */,
				3A78F1001C91E7E4008C6BE5 /* SWRevealViewController */,
				3A70F3891C80B32C00193150 /* CoreGraphics.framework */,
				3A15705D1CAEAA2B00D49C5E /* FBSDKCoreKit.framework */,
				3A15705E1CAEAA2B00D49C5E /* FBSDKLoginKit.framework */,
				3A15705F1CAEAA2B00D49C5E /* FBSDKShareKit.framework */,
			);
			name = Libraries;
			sourceTree = "<group>";
		};
		3A1570691CAEAE3D00D49C5E /* Database & Server */ = {
			isa = PBXGroup;
			children = (
				3A1570531CAEA8F800D49C5E /* DBManager.h */,
				3A1570541CAEA8F800D49C5E /* DBManager.m */,
				3A2D8E7C1CBA827C00F43A76 /* Server.h */,
				3A2D8E7D1CBA827C00F43A76 /* Server.m */,
				3A1570561CAEA95900D49C5E /* vidal.cardio.crypt.db3 */,
				3A1570571CAEA95900D49C5E /* vidal.cardio.encrypt.db3 */,
				3A9366661CB176D3004BBE2E /* interactions.json */,
			);
			name = "Database & Server";
			sourceTree = "<group>";
		};
		3A15706A1CAEAE4800D49C5E /* Social Network */ = {
			isa = PBXGroup;
			children = (
				3A1570711CAEB0A000D49C5E /* SocialNetworkManagerVC.h */,
				3A1570721CAEB0A000D49C5E /* SocialNetworkManagerVC.m */,
			);
			name = "Social Network";
			sourceTree = "<group>";
		};
		3A15706B1CAEAE7800D49C5E /* Models */ = {
			isa = PBXGroup;
			children = (
				3A78F1081C920531008C6BE5 /* ModelViewController.h */,
				3A78F1091C920531008C6BE5 /* ModelViewController.m */,
			);
			name = Models;
			sourceTree = "<group>";
		};
		3A15706C1CAEAED300D49C5E /* Login Screens */ = {
			isa = PBXGroup;
			children = (
				3A9E3FD21C80AE330069BDFC /* LoginViewController.h */,
				3A9E3FD31C80AE330069BDFC /* LoginViewController.m */,
				3AAAA2C61C833FA3006DEE4E /* RegViewController.h */,
				3AAAA2C71C833FA3006DEE4E /* RegViewController.m */,
			);
			name = "Login Screens";
			sourceTree = "<group>";
		};
		3A15706D1CAEAF1200D49C5E /* Storyboards */ = {
			isa = PBXGroup;
			children = (
				3A9E3FD51C80AE330069BDFC /* Main.storyboard */,
				3A9E3FDD1C80AE330069BDFC /* LaunchScreen.storyboard */,
				3A0DBD871CB4924300D9BAD3 /* LogOutStoryboard.storyboard */,
			);
			name = Storyboards;
			sourceTree = "<group>";
		};
		3A78F1001C91E7E4008C6BE5 /* SWRevealViewController */ = {
			isa = PBXGroup;
			children = (
				3A78F0FD1C91E7DA008C6BE5 /* MenuViewController.h */,
				3A78F0FE1C91E7DA008C6BE5 /* MenuViewController.m */,
				3A78F1041C91E80A008C6BE5 /* SWRevealViewController.h */,
				3A78F1051C91E80A008C6BE5 /* SWRevealViewController.m */,
			);
			name = SWRevealViewController;
			path = Vidal;
			sourceTree = "<group>";
		};
		3A78F1071C92051F008C6BE5 /* Additional Files */ = {
			isa = PBXGroup;
			children = (
				3A0D5C9E1C9C455A005E6976 /* TableCells */,
				3A15706B1CAEAE7800D49C5E /* Models */,
				3AA6AC371CBB0B35005AAD85 /* SearchViewController.h */,
				3AA6AC381CBB0B35005AAD85 /* SearchViewController.m */,
			);
			name = "Additional Files";
			sourceTree = "<group>";
		};
		3A78F10C1C9206EF008C6BE5 /* Main Screens */ = {
			isa = PBXGroup;
			children = (
				3A15706C1CAEAED300D49C5E /* Login Screens */,
				3AAAA2C91C8384EB006DEE4E /* MainViewController.h */,
				3AAAA2CA1C8384EB006DEE4E /* MainViewController.m */,
				3A78F10D1C920701008C6BE5 /* NewsViewController.h */,
				3A78F10E1C920701008C6BE5 /* NewsViewController.m */,
				3A78F1101C92071A008C6BE5 /* DrugsViewController.h */,
				3A78F1111C92071A008C6BE5 /* DrugsViewController.m */,
				3A78F1131C920725008C6BE5 /* ActiveViewController.h */,
				3A78F1141C920725008C6BE5 /* ActiveViewController.m */,
				3A78F1161C920737008C6BE5 /* InteractionsViewController.h */,
				3A78F1171C920737008C6BE5 /* InteractionsViewController.m */,
				52498BC81CB3FD5300E6B96B /* PharmaVCs */,
				3A78F11C1C92074B008C6BE5 /* ProducersViewController.h */,
				3A78F11D1C92074B008C6BE5 /* ProducersViewController.m */,
				3A78F11F1C920755008C6BE5 /* AboutViewController.h */,
				3A78F1201C920756008C6BE5 /* AboutViewController.m */,
				3A78F1221C920762008C6BE5 /* ProfileViewController.h */,
				3A78F1231C920762008C6BE5 /* ProfileViewController.m */,
				3A78F1251C92076D008C6BE5 /* FavouriteViewController.h */,
				3A78F1261C92076D008C6BE5 /* FavouriteViewController.m */,
				3A78F1281C920775008C6BE5 /* ReferenceViewController.h */,
				3A78F1291C920775008C6BE5 /* ReferenceViewController.m */,
				524EDF971CB4E9EC00A3BB2F /* MoleculeDrugsViewController.h */,
				524EDF981CB4E9EC00A3BB2F /* MoleculeDrugsViewController.m */,
			);
			name = "Main Screens";
			sourceTree = "<group>";
		};
		3A9E3FC01C80AE330069BDFC = {
			isa = PBXGroup;
			children = (
				3A1570491CAEA86800D49C5E /* sqlcipher.xcodeproj */,
				3A1570681CAEAE2900D49C5E /* Libraries */,
				3A9E3FCB1C80AE330069BDFC /* Vidal */,
				3A9E3FCA1C80AE330069BDFC /* Products */,
				1059885AE5801E2DA5485E93 /* Pods */,
				FED137FC56CC9C0ECB250158 /* Frameworks */,
			);
			sourceTree = "<group>";
		};
		3A9E3FCA1C80AE330069BDFC /* Products */ = {
			isa = PBXGroup;
			children = (
				3A9E3FC91C80AE330069BDFC /* Vidal.app */,
			);
			name = Products;
			sourceTree = "<group>";
		};
		3A9E3FCB1C80AE330069BDFC /* Vidal */ = {
			isa = PBXGroup;
			children = (
				3A9E3FCF1C80AE330069BDFC /* AppDelegate.h */,
				3A9E3FD01C80AE330069BDFC /* AppDelegate.m */,
				3A1570691CAEAE3D00D49C5E /* Database & Server */,
				3A15706A1CAEAE4800D49C5E /* Social Network */,
				3A78F1071C92051F008C6BE5 /* Additional Files */,
				3A78F10C1C9206EF008C6BE5 /* Main Screens */,
				3A0D5CB21C9C6D29005E6976 /* From Main Screens */,
				3A15706D1CAEAF1200D49C5E /* Storyboards */,
				3A5638571CA19971000A83B5 /* Assets.xcassets */,
				3A9E3FE01C80AE330069BDFC /* Info.plist */,
				3A9E3FD81C80AE330069BDFC /* Vidal.xcdatamodeld */,
				3A9E3FCC1C80AE330069BDFC /* Supporting Files */,
			);
			path = Vidal;
			sourceTree = "<group>";
		};
		3A9E3FCC1C80AE330069BDFC /* Supporting Files */ = {
			isa = PBXGroup;
			children = (
				3A9E3FCD1C80AE330069BDFC /* main.m */,
			);
			name = "Supporting Files";
			sourceTree = "<group>";
		};
		52498BC81CB3FD5300E6B96B /* PharmaVCs */ = {
			isa = PBXGroup;
			children = (
				3A78F1191C920740008C6BE5 /* PharmaViewController.h */,
				3A78F11A1C920740008C6BE5 /* PharmaViewController.m */,
				52498BBF1CB3FD3500E6B96B /* SecondPharmaViewController.h */,
				52498BC01CB3FD3500E6B96B /* SecondPharmaViewController.m */,
				52498BC21CB3FD4000E6B96B /* ThirdViewController.h */,
				52498BC31CB3FD4000E6B96B /* ThirdViewController.m */,
				52498BC51CB3FD4C00E6B96B /* FourthViewController.h */,
				52498BC61CB3FD4C00E6B96B /* FourthViewController.m */,
			);
			name = PharmaVCs;
			sourceTree = "<group>";
		};
		FED137FC56CC9C0ECB250158 /* Frameworks */ = {
			isa = PBXGroup;
			children = (
				3AF95C141CA66DA900393C62 /* libsqlite3.tbd */,
				267537716EDB3475C0BE9A2D /* libPods-Vidal.a */,
			);
			name = Frameworks;
			sourceTree = "<group>";
		};
/* End PBXGroup section */

/* Begin PBXNativeTarget section */
		3A9E3FC81C80AE330069BDFC /* Vidal */ = {
			isa = PBXNativeTarget;
			buildConfigurationList = 3A9E3FE31C80AE330069BDFC /* Build configuration list for PBXNativeTarget "Vidal" */;
			buildPhases = (
				6AC209F1D90B2C7B87C0F10F /* Check Pods Manifest.lock */,
				3A9E3FC51C80AE330069BDFC /* Sources */,
				3A9E3FC61C80AE330069BDFC /* Frameworks */,
				3A9E3FC71C80AE330069BDFC /* Resources */,
				AB1FE182AC0B1F07115FCF39 /* Embed Pods Frameworks */,
				C6B93B91499BECDD934E44A5 /* Copy Pods Resources */,
			);
			buildRules = (
			);
			dependencies = (
				3A1570511CAEA87300D49C5E /* PBXTargetDependency */,
			);
			name = Vidal;
			productName = Vidal;
			productReference = 3A9E3FC91C80AE330069BDFC /* Vidal.app */;
			productType = "com.apple.product-type.application";
		};
/* End PBXNativeTarget section */

/* Begin PBXProject section */
		3A9E3FC11C80AE330069BDFC /* Project object */ = {
			isa = PBXProject;
			attributes = {
				LastUpgradeCheck = 0720;
				ORGANIZATIONNAME = StyleRU;
				TargetAttributes = {
					3A9E3FC81C80AE330069BDFC = {
						CreatedOnToolsVersion = 7.2;
						DevelopmentTeam = 9W968RZS7A;
					};
				};
			};
			buildConfigurationList = 3A9E3FC41C80AE330069BDFC /* Build configuration list for PBXProject "Vidal" */;
			compatibilityVersion = "Xcode 3.2";
			developmentRegion = English;
			hasScannedForEncodings = 0;
			knownRegions = (
				en,
				Base,
			);
			mainGroup = 3A9E3FC01C80AE330069BDFC;
			productRefGroup = 3A9E3FCA1C80AE330069BDFC /* Products */;
			projectDirPath = "";
			projectReferences = (
				{
					ProductGroup = 3A15704A1CAEA86800D49C5E /* Products */;
					ProjectRef = 3A1570491CAEA86800D49C5E /* sqlcipher.xcodeproj */;
				},
			);
			projectRoot = "";
			targets = (
				3A9E3FC81C80AE330069BDFC /* Vidal */,
			);
		};
/* End PBXProject section */

/* Begin PBXReferenceProxy section */
		3A15704F1CAEA86800D49C5E /* libsqlcipher.a */ = {
			isa = PBXReferenceProxy;
			fileType = archive.ar;
			path = libsqlcipher.a;
			remoteRef = 3A15704E1CAEA86800D49C5E /* PBXContainerItemProxy */;
			sourceTree = BUILT_PRODUCTS_DIR;
		};
/* End PBXReferenceProxy section */

/* Begin PBXResourcesBuildPhase section */
		3A9E3FC71C80AE330069BDFC /* Resources */ = {
			isa = PBXResourcesBuildPhase;
			buildActionMask = 2147483647;
			files = (
				3A0DBD881CB4924300D9BAD3 /* LogOutStoryboard.storyboard in Resources */,
				3A9E3FDF1C80AE330069BDFC /* LaunchScreen.storyboard in Resources */,
				3A1570591CAEA95900D49C5E /* vidal.cardio.encrypt.db3 in Resources */,
				3A1570581CAEA95900D49C5E /* vidal.cardio.crypt.db3 in Resources */,
				3A5638581CA19971000A83B5 /* Assets.xcassets in Resources */,
				3A9366671CB176D3004BBE2E /* interactions.json in Resources */,
				3A9E3FD71C80AE330069BDFC /* Main.storyboard in Resources */,
			);
			runOnlyForDeploymentPostprocessing = 0;
		};
/* End PBXResourcesBuildPhase section */

/* Begin PBXShellScriptBuildPhase section */
		6AC209F1D90B2C7B87C0F10F /* Check Pods Manifest.lock */ = {
			isa = PBXShellScriptBuildPhase;
			buildActionMask = 2147483647;
			files = (
			);
			inputPaths = (
			);
			name = "Check Pods Manifest.lock";
			outputPaths = (
			);
			runOnlyForDeploymentPostprocessing = 0;
			shellPath = /bin/sh;
			shellScript = "diff \"${PODS_ROOT}/../Podfile.lock\" \"${PODS_ROOT}/Manifest.lock\" > /dev/null\nif [[ $? != 0 ]] ; then\n    cat << EOM\nerror: The sandbox is not in sync with the Podfile.lock. Run 'pod install' or update your CocoaPods installation.\nEOM\n    exit 1\nfi\n";
			showEnvVarsInLog = 0;
		};
		AB1FE182AC0B1F07115FCF39 /* Embed Pods Frameworks */ = {
			isa = PBXShellScriptBuildPhase;
			buildActionMask = 2147483647;
			files = (
			);
			inputPaths = (
			);
			name = "Embed Pods Frameworks";
			outputPaths = (
			);
			runOnlyForDeploymentPostprocessing = 0;
			shellPath = /bin/sh;
			shellScript = "\"${SRCROOT}/Pods/Target Support Files/Pods-Vidal/Pods-Vidal-frameworks.sh\"\n";
			showEnvVarsInLog = 0;
		};
		C6B93B91499BECDD934E44A5 /* Copy Pods Resources */ = {
			isa = PBXShellScriptBuildPhase;
			buildActionMask = 2147483647;
			files = (
			);
			inputPaths = (
			);
			name = "Copy Pods Resources";
			outputPaths = (
			);
			runOnlyForDeploymentPostprocessing = 0;
			shellPath = /bin/sh;
			shellScript = "\"${SRCROOT}/Pods/Target Support Files/Pods-Vidal/Pods-Vidal-resources.sh\"\n";
			showEnvVarsInLog = 0;
		};
/* End PBXShellScriptBuildPhase section */

/* Begin PBXSourcesBuildPhase section */
		3A9E3FC51C80AE330069BDFC /* Sources */ = {
			isa = PBXSourcesBuildPhase;
			buildActionMask = 2147483647;
			files = (
				3A78F1271C92076D008C6BE5 /* FavouriteViewController.m in Sources */,
				3AA6AC391CBB0B35005AAD85 /* SearchViewController.m in Sources */,
				3A78F1151C920725008C6BE5 /* ActiveViewController.m in Sources */,
				3A1570661CAEAAAF00D49C5E /* OKSDK.m in Sources */,
				3A78F11B1C920740008C6BE5 /* PharmaViewController.m in Sources */,
				3A9E3FD41C80AE330069BDFC /* LoginViewController.m in Sources */,
				3AAAA2CB1C8384EB006DEE4E /* MainViewController.m in Sources */,
				3A9E3FD11C80AE330069BDFC /* AppDelegate.m in Sources */,
				3A78F1121C92071A008C6BE5 /* DrugsViewController.m in Sources */,
				52498BC71CB3FD4C00E6B96B /* FourthViewController.m in Sources */,
				3A0D5CB51C9C6D6E005E6976 /* ExpandNewsViewController.m in Sources */,
				3A8C25231CBA2E8C00CFA905 /* ListOfViewController.m in Sources */,
				3A0DBD861CB45FA800D9BAD3 /* DocumentViewController.m in Sources */,
				3A78F1061C91E80A008C6BE5 /* SWRevealViewController.m in Sources */,
				3A78F10A1C920531008C6BE5 /* ModelViewController.m in Sources */,
				3A9E3FDA1C80AE330069BDFC /* Vidal.xcdatamodeld in Sources */,
				3A0D5CAA1C9C4CAD005E6976 /* FavTableViewCell.m in Sources */,
				524EDF951CB4E4E900A3BB2F /* DocsTableViewCell.m in Sources */,
				3A78F1241C920762008C6BE5 /* ProfileViewController.m in Sources */,
				3A78F0FF1C91E7DA008C6BE5 /* MenuViewController.m in Sources */,
				3A78F12A1C920775008C6BE5 /* ReferenceViewController.m in Sources */,
				3A0D5CA41C9C484A005E6976 /* PharmaTableViewCell.m in Sources */,
				3A0D5CAD1C9C4DA5005E6976 /* ActiveTableViewCell.m in Sources */,
				3A0D5CA11C9C457B005E6976 /* ProducersTableViewCell.m in Sources */,
				3A1570731CAEB0A000D49C5E /* SocialNetworkManagerVC.m in Sources */,
				3A78F1211C920756008C6BE5 /* AboutViewController.m in Sources */,
				3A78F1181C920737008C6BE5 /* InteractionsViewController.m in Sources */,
				3A78F10F1C920701008C6BE5 /* NewsViewController.m in Sources */,
				52498BC41CB3FD4000E6B96B /* ThirdViewController.m in Sources */,
				3A2D8E7E1CBA827C00F43A76 /* Server.m in Sources */,
				3A8C251F1CB999AD00CFA905 /* SecondDocumentViewController.m in Sources */,
				3A1570551CAEA8F800D49C5E /* DBManager.m in Sources */,
				3AAAA2C81C833FA3006DEE4E /* RegViewController.m in Sources */,
				52498BC11CB3FD3500E6B96B /* SecondPharmaViewController.m in Sources */,
				3A0D5CB01C9C4E57005E6976 /* NewsTableViewCell.m in Sources */,
				3A0D5CA71C9C4C5A005E6976 /* DrugsTableViewCell.m in Sources */,
				3A9E3FCE1C80AE330069BDFC /* main.m in Sources */,
				524EDF991CB4E9EC00A3BB2F /* MoleculeDrugsViewController.m in Sources */,
				3A78F11E1C92074B008C6BE5 /* ProducersViewController.m in Sources */,
			);
			runOnlyForDeploymentPostprocessing = 0;
		};
/* End PBXSourcesBuildPhase section */

/* Begin PBXTargetDependency section */
		3A1570511CAEA87300D49C5E /* PBXTargetDependency */ = {
			isa = PBXTargetDependency;
			name = sqlcipher;
			targetProxy = 3A1570501CAEA87300D49C5E /* PBXContainerItemProxy */;
		};
/* End PBXTargetDependency section */

/* Begin PBXVariantGroup section */
		3A9E3FD51C80AE330069BDFC /* Main.storyboard */ = {
			isa = PBXVariantGroup;
			children = (
				3A9E3FD61C80AE330069BDFC /* Base */,
			);
			name = Main.storyboard;
			sourceTree = "<group>";
		};
		3A9E3FDD1C80AE330069BDFC /* LaunchScreen.storyboard */ = {
			isa = PBXVariantGroup;
			children = (
				3A9E3FDE1C80AE330069BDFC /* Base */,
			);
			name = LaunchScreen.storyboard;
			sourceTree = "<group>";
		};
/* End PBXVariantGroup section */

/* Begin XCBuildConfiguration section */
		3A9E3FE11C80AE330069BDFC /* Debug */ = {
			isa = XCBuildConfiguration;
			buildSettings = {
				ALWAYS_SEARCH_USER_PATHS = NO;
				CLANG_CXX_LANGUAGE_STANDARD = "gnu++0x";
				CLANG_CXX_LIBRARY = "libc++";
				CLANG_ENABLE_MODULES = YES;
				CLANG_ENABLE_OBJC_ARC = YES;
				CLANG_WARN_BOOL_CONVERSION = YES;
				CLANG_WARN_CONSTANT_CONVERSION = YES;
				CLANG_WARN_DIRECT_OBJC_ISA_USAGE = YES_ERROR;
				CLANG_WARN_EMPTY_BODY = YES;
				CLANG_WARN_ENUM_CONVERSION = YES;
				CLANG_WARN_INT_CONVERSION = YES;
				CLANG_WARN_OBJC_ROOT_CLASS = YES_ERROR;
				CLANG_WARN_UNREACHABLE_CODE = YES;
				CLANG_WARN__DUPLICATE_METHOD_MATCH = YES;
				"CODE_SIGN_IDENTITY[sdk=iphoneos*]" = "iPhone Developer";
				COPY_PHASE_STRIP = NO;
				DEBUG_INFORMATION_FORMAT = dwarf;
				ENABLE_STRICT_OBJC_MSGSEND = YES;
				ENABLE_TESTABILITY = YES;
				GCC_C_LANGUAGE_STANDARD = gnu99;
				GCC_DYNAMIC_NO_PIC = NO;
				GCC_NO_COMMON_BLOCKS = YES;
				GCC_OPTIMIZATION_LEVEL = 0;
				GCC_PREPROCESSOR_DEFINITIONS = (
					"DEBUG=1",
					"$(inherited)",
				);
				GCC_WARN_64_TO_32_BIT_CONVERSION = YES;
				GCC_WARN_ABOUT_RETURN_TYPE = YES_ERROR;
				GCC_WARN_UNDECLARED_SELECTOR = YES;
				GCC_WARN_UNINITIALIZED_AUTOS = YES_AGGRESSIVE;
				GCC_WARN_UNUSED_FUNCTION = YES;
				GCC_WARN_UNUSED_VARIABLE = YES;
				IPHONEOS_DEPLOYMENT_TARGET = 9.2;
				MTL_ENABLE_DEBUG_INFO = YES;
				ONLY_ACTIVE_ARCH = YES;
				SDKROOT = iphoneos;
			};
			name = Debug;
		};
		3A9E3FE21C80AE330069BDFC /* Release */ = {
			isa = XCBuildConfiguration;
			buildSettings = {
				ALWAYS_SEARCH_USER_PATHS = NO;
				CLANG_CXX_LANGUAGE_STANDARD = "gnu++0x";
				CLANG_CXX_LIBRARY = "libc++";
				CLANG_ENABLE_MODULES = YES;
				CLANG_ENABLE_OBJC_ARC = YES;
				CLANG_WARN_BOOL_CONVERSION = YES;
				CLANG_WARN_CONSTANT_CONVERSION = YES;
				CLANG_WARN_DIRECT_OBJC_ISA_USAGE = YES_ERROR;
				CLANG_WARN_EMPTY_BODY = YES;
				CLANG_WARN_ENUM_CONVERSION = YES;
				CLANG_WARN_INT_CONVERSION = YES;
				CLANG_WARN_OBJC_ROOT_CLASS = YES_ERROR;
				CLANG_WARN_UNREACHABLE_CODE = YES;
				CLANG_WARN__DUPLICATE_METHOD_MATCH = YES;
				"CODE_SIGN_IDENTITY[sdk=iphoneos*]" = "iPhone Developer";
				COPY_PHASE_STRIP = NO;
				DEBUG_INFORMATION_FORMAT = "dwarf-with-dsym";
				ENABLE_NS_ASSERTIONS = NO;
				ENABLE_STRICT_OBJC_MSGSEND = YES;
				GCC_C_LANGUAGE_STANDARD = gnu99;
				GCC_NO_COMMON_BLOCKS = YES;
				GCC_WARN_64_TO_32_BIT_CONVERSION = YES;
				GCC_WARN_ABOUT_RETURN_TYPE = YES_ERROR;
				GCC_WARN_UNDECLARED_SELECTOR = YES;
				GCC_WARN_UNINITIALIZED_AUTOS = YES_AGGRESSIVE;
				GCC_WARN_UNUSED_FUNCTION = YES;
				GCC_WARN_UNUSED_VARIABLE = YES;
				IPHONEOS_DEPLOYMENT_TARGET = 9.2;
				MTL_ENABLE_DEBUG_INFO = NO;
				SDKROOT = iphoneos;
				VALIDATE_PRODUCT = YES;
			};
			name = Release;
		};
		3A9E3FE41C80AE330069BDFC /* Debug */ = {
			isa = XCBuildConfiguration;
			baseConfigurationReference = 2EC6DDBDE2C370D5A4C9DA5A /* Pods-Vidal.debug.xcconfig */;
			buildSettings = {
				ASSETCATALOG_COMPILER_APPICON_NAME = AppIcon;
				CODE_SIGN_IDENTITY = "iPhone Developer";
				"CODE_SIGN_IDENTITY[sdk=iphoneos*]" = "iPhone Developer";
				FRAMEWORK_SEARCH_PATHS = (
					"$(inherited)",
					"$(PROJECT_DIR)",
				);
				HEADER_SEARCH_PATHS = (
					"$(inherited)",
					"\"${PODS_ROOT}/Headers/Public\"",
					"\"${PODS_ROOT}/Headers/Public/HSDatePickerViewController\"",
					"\"${PODS_ROOT}/Headers/Public/SLExpandableTableView\"",
					./sqlcipher/src,
				);
				INFOPLIST_FILE = Vidal/Info.plist;
				IPHONEOS_DEPLOYMENT_TARGET = 9.0;
				LD_RUNPATH_SEARCH_PATHS = "$(inherited) @executable_path/Frameworks";
				OTHER_CFLAGS = (
					"$(inherited)",
					"-isystem",
					"\"${PODS_ROOT}/Headers/Public\"",
					"-isystem",
					"\"${PODS_ROOT}/Headers/Public/HSDatePickerViewController\"",
					"-isystem",
					"\"${PODS_ROOT}/Headers/Public/SLExpandableTableView\"",
					"-DSQLITE_HAS_CODEC",
				);
				PRODUCT_BUNDLE_IDENTIFIER = StyleRU.Vidal;
				PRODUCT_NAME = "$(TARGET_NAME)";
				PROVISIONING_PROFILE = "";
			};
			name = Debug;
		};
		3A9E3FE51C80AE330069BDFC /* Release */ = {
			isa = XCBuildConfiguration;
			baseConfigurationReference = 639C2F57EA1C775AEEFEE2C9 /* Pods-Vidal.release.xcconfig */;
			buildSettings = {
				ASSETCATALOG_COMPILER_APPICON_NAME = AppIcon;
				CODE_SIGN_IDENTITY = "iPhone Developer";
				"CODE_SIGN_IDENTITY[sdk=iphoneos*]" = "iPhone Developer";
				FRAMEWORK_SEARCH_PATHS = (
					"$(inherited)",
					"$(PROJECT_DIR)",
				);
				HEADER_SEARCH_PATHS = (
					"$(inherited)",
					"\"${PODS_ROOT}/Headers/Public\"",
					"\"${PODS_ROOT}/Headers/Public/HSDatePickerViewController\"",
					"\"${PODS_ROOT}/Headers/Public/SLExpandableTableView\"",
					./sqlcipher/src,
				);
				INFOPLIST_FILE = Vidal/Info.plist;
				IPHONEOS_DEPLOYMENT_TARGET = 9.0;
				LD_RUNPATH_SEARCH_PATHS = "$(inherited) @executable_path/Frameworks";
				OTHER_CFLAGS = (
					"$(inherited)",
					"-isystem",
					"\"${PODS_ROOT}/Headers/Public\"",
					"-isystem",
					"\"${PODS_ROOT}/Headers/Public/HSDatePickerViewController\"",
					"-isystem",
					"\"${PODS_ROOT}/Headers/Public/SLExpandableTableView\"",
					"-DSQLITE_HAS_CODEC",
				);
				PRODUCT_BUNDLE_IDENTIFIER = StyleRU.Vidal;
				PRODUCT_NAME = "$(TARGET_NAME)";
				PROVISIONING_PROFILE = "";
			};
			name = Release;
		};
/* End XCBuildConfiguration section */

/* Begin XCConfigurationList section */
		3A9E3FC41C80AE330069BDFC /* Build configuration list for PBXProject "Vidal" */ = {
			isa = XCConfigurationList;
			buildConfigurations = (
				3A9E3FE11C80AE330069BDFC /* Debug */,
				3A9E3FE21C80AE330069BDFC /* Release */,
			);
			defaultConfigurationIsVisible = 0;
			defaultConfigurationName = Release;
		};
		3A9E3FE31C80AE330069BDFC /* Build configuration list for PBXNativeTarget "Vidal" */ = {
			isa = XCConfigurationList;
			buildConfigurations = (
				3A9E3FE41C80AE330069BDFC /* Debug */,
				3A9E3FE51C80AE330069BDFC /* Release */,
			);
			defaultConfigurationIsVisible = 0;
			defaultConfigurationName = Release;
		};
/* End XCConfigurationList section */

/* Begin XCVersionGroup section */
		3A9E3FD81C80AE330069BDFC /* Vidal.xcdatamodeld */ = {
			isa = XCVersionGroup;
			children = (
				3A9E3FD91C80AE330069BDFC /* Vidal.xcdatamodel */,
			);
			currentVersion = 3A9E3FD91C80AE330069BDFC /* Vidal.xcdatamodel */;
			path = Vidal.xcdatamodeld;
			sourceTree = "<group>";
			versionGroupType = wrapper.xcdatamodel;
		};
/* End XCVersionGroup section */
	};
	rootObject = 3A9E3FC11C80AE330069BDFC /* Project object */;
}
